
Microsoft Visual Studio Solution File, Format Version 12.00
# Visual Studio Version 17
VisualStudioVersion = 17.0.31903.59
MinimumVisualStudioVersion = 10.0.40219.1
Project("{2150E333-8FDC-42A3-9474-1A3956D46DE8}") = "src", "src", "{827E0CD3-B72D-47B6-A68D-7590B98EB39B}"
EndProject
Project("{FAE04EC0-301F-11D3-BF4B-00C04F79EFBC}") = "Core.Domain", "src\Core.Domain\Core.Domain.csproj", "{EAE97300-2452-4E7F-B892-FF6B92BC3FFF}"
EndProject
Project("{FAE04EC0-301F-11D3-BF4B-00C04F79EFBC}") = "Core.Application", "src\Core.Application\Core.Application.csproj", "{4468B4F2-D264-4CCC-9FB0-FA81D0101146}"
EndProject
Project("{FAE04EC0-301F-11D3-BF4B-00C04F79EFBC}") = "Order.Api", "src\Order.Api\Order.Api.csproj", "{995C0A99-3EF6-4955-BA21-A3FC2548B7C1}"
EndProject
Project("{FAE04EC0-301F-11D3-BF4B-00C04F79EFBC}") = "Billing.Api", "src\Billing.Api\Billing.Api.csproj", "{541BFE15-D896-404E-9ED4-4AD72B40D836}"
EndProject
Project("{2150E333-8FDC-42A3-9474-1A3956D46DE8}") = "tests", "tests", "{0AB3BF05-4346-4AA6-1389-037BE0695223}"
EndProject
Project("{FAE04EC0-301F-11D3-BF4B-00C04F79EFBC}") = "Order.Api.UnitTests", "tests\Order.Api.UnitTests\Order.Api.UnitTests.csproj", "{D502F92C-0542-4E16-969E-5E287EF4803E}"
EndProject
Project("{FAE04EC0-301F-11D3-BF4B-00C04F79EFBC}") = "Billing.Api.UnitTests", "tests\Billing.Api.UnitTests\Billing.Api.UnitTests.csproj", "{A3223D3C-5A31-4127-8F1B-416F8F60286D}"
EndProject
Global
	GlobalSection(SolutionConfigurationPlatforms) = preSolution
		Debug|Any CPU = Debug|Any CPU
		Debug|x64 = Debug|x64
		Debug|x86 = Debug|x86
		Release|Any CPU = Release|Any CPU
		Release|x64 = Release|x64
		Release|x86 = Release|x86
	EndGlobalSection
	GlobalSection(ProjectConfigurationPlatforms) = postSolution
		{EAE97300-2452-4E7F-B892-FF6B92BC3FFF}.Debug|Any CPU.ActiveCfg = Debug|Any CPU
		{EAE97300-2452-4E7F-B892-FF6B92BC3FFF}.Debug|Any CPU.Build.0 = Debug|Any CPU
		{EAE97300-2452-4E7F-B892-FF6B92BC3FFF}.Debug|x64.ActiveCfg = Debug|Any CPU
		{EAE97300-2452-4E7F-B892-FF6B92BC3FFF}.Debug|x64.Build.0 = Debug|Any CPU
		{EAE97300-2452-4E7F-B892-FF6B92BC3FFF}.Debug|x86.ActiveCfg = Debug|Any CPU
		{EAE97300-2452-4E7F-B892-FF6B92BC3FFF}.Debug|x86.Build.0 = Debug|Any CPU
		{EAE97300-2452-4E7F-B892-FF6B92BC3FFF}.Release|Any CPU.ActiveCfg = Release|Any CPU
		{EAE97300-2452-4E7F-B892-FF6B92BC3FFF}.Release|Any CPU.Build.0 = Release|Any CPU
		{EAE97300-2452-4E7F-B892-FF6B92BC3FFF}.Release|x64.ActiveCfg = Release|Any CPU
		{EAE97300-2452-4E7F-B892-FF6B92BC3FFF}.Release|x64.Build.0 = Release|Any CPU
		{EAE97300-2452-4E7F-B892-FF6B92BC3FFF}.Release|x86.ActiveCfg = Release|Any CPU
		{EAE97300-2452-4E7F-B892-FF6B92BC3FFF}.Release|x86.Build.0 = Release|Any CPU
		{4468B4F2-D264-4CCC-9FB0-FA81D0101146}.Debug|Any CPU.ActiveCfg = Debug|Any CPU
		{4468B4F2-D264-4CCC-9FB0-FA81D0101146}.Debug|Any CPU.Build.0 = Debug|Any CPU
		{4468B4F2-D264-4CCC-9FB0-FA81D0101146}.Debug|x64.ActiveCfg = Debug|Any CPU
		{4468B4F2-D264-4CCC-9FB0-FA81D0101146}.Debug|x64.Build.0 = Debug|Any CPU
		{4468B4F2-D264-4CCC-9FB0-FA81D0101146}.Debug|x86.ActiveCfg = Debug|Any CPU
		{4468B4F2-D264-4CCC-9FB0-FA81D0101146}.Debug|x86.Build.0 = Debug|Any CPU
		{4468B4F2-D264-4CCC-9FB0-FA81D0101146}.Release|Any CPU.ActiveCfg = Release|Any CPU
		{4468B4F2-D264-4CCC-9FB0-FA81D0101146}.Release|Any CPU.Build.0 = Release|Any CPU
		{4468B4F2-D264-4CCC-9FB0-FA81D0101146}.Release|x64.ActiveCfg = Release|Any CPU
		{4468B4F2-D264-4CCC-9FB0-FA81D0101146}.Release|x64.Build.0 = Release|Any CPU
		{4468B4F2-D264-4CCC-9FB0-FA81D0101146}.Release|x86.ActiveCfg = Release|Any CPU
		{4468B4F2-D264-4CCC-9FB0-FA81D0101146}.Release|x86.Build.0 = Release|Any CPU
		{995C0A99-3EF6-4955-BA21-A3FC2548B7C1}.Debug|Any CPU.ActiveCfg = Debug|Any CPU
		{995C0A99-3EF6-4955-BA21-A3FC2548B7C1}.Debug|Any CPU.Build.0 = Debug|Any CPU
		{995C0A99-3EF6-4955-BA21-A3FC2548B7C1}.Debug|x64.ActiveCfg = Debug|Any CPU
		{995C0A99-3EF6-4955-BA21-A3FC2548B7C1}.Debug|x64.Build.0 = Debug|Any CPU
		{995C0A99-3EF6-4955-BA21-A3FC2548B7C1}.Debug|x86.ActiveCfg = Debug|Any CPU
		{995C0A99-3EF6-4955-BA21-A3FC2548B7C1}.Debug|x86.Build.0 = Debug|Any CPU
		{995C0A99-3EF6-4955-BA21-A3FC2548B7C1}.Release|Any CPU.ActiveCfg = Release|Any CPU
		{995C0A99-3EF6-4955-BA21-A3FC2548B7C1}.Release|Any CPU.Build.0 = Release|Any CPU
		{995C0A99-3EF6-4955-BA21-A3FC2548B7C1}.Release|x64.ActiveCfg = Release|Any CPU
		{995C0A99-3EF6-4955-BA21-A3FC2548B7C1}.Release|x64.Build.0 = Release|Any CPU
		{995C0A99-3EF6-4955-BA21-A3FC2548B7C1}.Release|x86.ActiveCfg = Release|Any CPU
		{995C0A99-3EF6-4955-BA21-A3FC2548B7C1}.Release|x86.Build.0 = Release|Any CPU
		{541BFE15-D896-404E-9ED4-4AD72B40D836}.Debug|Any CPU.ActiveCfg = Debug|Any CPU
		{541BFE15-D896-404E-9ED4-4AD72B40D836}.Debug|Any CPU.Build.0 = Debug|Any CPU
		{541BFE15-D896-404E-9ED4-4AD72B40D836}.Debug|x64.ActiveCfg = Debug|Any CPU
		{541BFE15-D896-404E-9ED4-4AD72B40D836}.Debug|x64.Build.0 = Debug|Any CPU
		{541BFE15-D896-404E-9ED4-4AD72B40D836}.Debug|x86.ActiveCfg = Debug|Any CPU
		{541BFE15-D896-404E-9ED4-4AD72B40D836}.Debug|x86.Build.0 = Debug|Any CPU
		{541BFE15-D896-404E-9ED4-4AD72B40D836}.Release|Any CPU.ActiveCfg = Release|Any CPU
		{541BFE15-D896-404E-9ED4-4AD72B40D836}.Release|Any CPU.Build.0 = Release|Any CPU
		{541BFE15-D896-404E-9ED4-4AD72B40D836}.Release|x64.ActiveCfg = Release|Any CPU
		{541BFE15-D896-404E-9ED4-4AD72B40D836}.Release|x64.Build.0 = Release|Any CPU
		{541BFE15-D896-404E-9ED4-4AD72B40D836}.Release|x86.ActiveCfg = Release|Any CPU
		{541BFE15-D896-404E-9ED4-4AD72B40D836}.Release|x86.Build.0 = Release|Any CPU
		{D502F92C-0542-4E16-969E-5E287EF4803E}.Debug|Any CPU.ActiveCfg = Debug|Any CPU
		{D502F92C-0542-4E16-969E-5E287EF4803E}.Debug|Any CPU.Build.0 = Debug|Any CPU
		{D502F92C-0542-4E16-969E-5E287EF4803E}.Debug|x64.ActiveCfg = Debug|Any CPU
		{D502F92C-0542-4E16-969E-5E287EF4803E}.Debug|x64.Build.0 = Debug|Any CPU
		{D502F92C-0542-4E16-969E-5E287EF4803E}.Debug|x86.ActiveCfg = Debug|Any CPU
		{D502F92C-0542-4E16-969E-5E287EF4803E}.Debug|x86.Build.0 = Debug|Any CPU
		{D502F92C-0542-4E16-969E-5E287EF4803E}.Release|Any CPU.ActiveCfg = Release|Any CPU
		{D502F92C-0542-4E16-969E-5E287EF4803E}.Release|Any CPU.Build.0 = Release|Any CPU
		{D502F92C-0542-4E16-969E-5E287EF4803E}.Release|x64.ActiveCfg = Release|Any CPU
		{D502F92C-0542-4E16-969E-5E287EF4803E}.Release|x64.Build.0 = Release|Any CPU
		{D502F92C-0542-4E16-969E-5E287EF4803E}.Release|x86.ActiveCfg = Release|Any CPU
		{D502F92C-0542-4E16-969E-5E287EF4803E}.Release|x86.Build.0 = Release|Any CPU
		{A3223D3C-5A31-4127-8F1B-416F8F60286D}.Debug|Any CPU.ActiveCfg = Debug|Any CPU
		{A3223D3C-5A31-4127-8F1B-416F8F60286D}.Debug|Any CPU.Build.0 = Debug|Any CPU
		{A3223D3C-5A31-4127-8F1B-416F8F60286D}.Debug|x64.ActiveCfg = Debug|Any CPU
		{A3223D3C-5A31-4127-8F1B-416F8F60286D}.Debug|x64.Build.0 = Debug|Any CPU
		{A3223D3C-5A31-4127-8F1B-416F8F60286D}.Debug|x86.ActiveCfg = Debug|Any CPU
		{A3223D3C-5A31-4127-8F1B-416F8F60286D}.Debug|x86.Build.0 = Debug|Any CPU
		{A3223D3C-5A31-4127-8F1B-416F8F60286D}.Release|Any CPU.ActiveCfg = Release|Any CPU
		{A3223D3C-5A31-4127-8F1B-416F8F60286D}.Release|Any CPU.Build.0 = Release|Any CPU
		{A3223D3C-5A31-4127-8F1B-416F8F60286D}.Release|x64.ActiveCfg = Release|Any CPU
		{A3223D3C-5A31-4127-8F1B-416F8F60286D}.Release|x64.Build.0 = Release|Any CPU
		{A3223D3C-5A31-4127-8F1B-416F8F60286D}.Release|x86.ActiveCfg = Release|Any CPU
		{A3223D3C-5A31-4127-8F1B-416F8F60286D}.Release|x86.Build.0 = Release|Any CPU
	EndGlobalSection
	GlobalSection(SolutionProperties) = preSolution
		HideSolutionNode = FALSE
	EndGlobalSection
	GlobalSection(NestedProjects) = preSolution
		{EAE97300-2452-4E7F-B892-FF6B92BC3FFF} = {827E0CD3-B72D-47B6-A68D-7590B98EB39B}
		{4468B4F2-D264-4CCC-9FB0-FA81D0101146} = {827E0CD3-B72D-47B6-A68D-7590B98EB39B}
		{995C0A99-3EF6-4955-BA21-A3FC2548B7C1} = {827E0CD3-B72D-47B6-A68D-7590B98EB39B}
		{541BFE15-D896-404E-9ED4-4AD72B40D836} = {827E0CD3-B72D-47B6-A68D-7590B98EB39B}
		{D502F92C-0542-4E16-969E-5E287EF4803E} = {0AB3BF05-4346-4AA6-1389-037BE0695223}
		{A3223D3C-5A31-4127-8F1B-416F8F60286D} = {0AB3BF05-4346-4AA6-1389-037BE0695223}
	EndGlobalSection
EndGlobal
